
Microsoft Visual Studio Solution File, Format Version 12.00
# Visual Studio Version 17
VisualStudioVersion = 17.8.34525.116
MinimumVisualStudioVersion = 10.0.40219.1
Project("{9A19103F-16F7-4668-BE54-9A1E7A4F7556}") = "WebUIBlazor", "WebUIBlazor.csproj", "{D6A8566C-AEBB-47BE-B475-62DB991AD4F0}"
EndProject
Global
	GlobalSection(SolutionConfigurationPlatforms) = preSolution
		Debug|Any CPU = Debug|Any CPU
		Release|Any CPU = Release|Any CPU
	EndGlobalSection
	GlobalSection(ProjectConfigurationPlatforms) = postSolution
		{D6A8566C-AEBB-47BE-B475-62DB991AD4F0}.Debug|Any CPU.ActiveCfg = Debug|Any CPU
		{D6A8566C-AEBB-47BE-B475-62DB991AD4F0}.Debug|Any CPU.Build.0 = Debug|Any CPU
		{D6A8566C-AEBB-47BE-B475-62DB991AD4F0}.Release|Any CPU.ActiveCfg = Release|Any CPU
		{D6A8566C-AEBB-47BE-B475-62DB991AD4F0}.Release|Any CPU.Build.0 = Release|Any CPU
	EndGlobalSection
	GlobalSection(SolutionProperties) = preSolution
		HideSolutionNode = FALSE
	EndGlobalSection
	GlobalSection(ExtensibilityGlobals) = postSolution
		SolutionGuid = {F3DD0F83-243E-4822-BADA-F5B989FAC364}
	EndGlobalSection
EndGlobal
